// !$*UTF8*$!
{
	archiveVersion = 1;
	classes = {
	};
	objectVersion = 50;
	objects = {

/* Begin PBXBuildFile section */
		370AE11F22657F9F00C3C361 /* Stats.swift in Sources */ = {isa = PBXBuildFile; fileRef = 370AE11E22657F9F00C3C361 /* Stats.swift */; };
		370AE12122657FDE00C3C361 /* StatsTest.swift in Sources */ = {isa = PBXBuildFile; fileRef = 370AE12022657FDE00C3C361 /* StatsTest.swift */; };
		3721E3FF226223C700A8E47B /* MajorScaleQuiz.swift in Sources */ = {isa = PBXBuildFile; fileRef = 3721E3FE226223C700A8E47B /* MajorScaleQuiz.swift */; };
		3722A5B121F6935F00F5F353 /* AppDelegate.swift in Sources */ = {isa = PBXBuildFile; fileRef = 3722A5B021F6935F00F5F353 /* AppDelegate.swift */; };
		3722A5B621F6935F00F5F353 /* Main.storyboard in Resources */ = {isa = PBXBuildFile; fileRef = 3722A5B421F6935F00F5F353 /* Main.storyboard */; };
		3722A5B821F6936100F5F353 /* Assets.xcassets in Resources */ = {isa = PBXBuildFile; fileRef = 3722A5B721F6936100F5F353 /* Assets.xcassets */; };
		3722A5BB21F6936100F5F353 /* LaunchScreen.storyboard in Resources */ = {isa = PBXBuildFile; fileRef = 3722A5B921F6936100F5F353 /* LaunchScreen.storyboard */; };
		3722A5C621F6936200F5F353 /* PortableEarTrainerTests.swift in Sources */ = {isa = PBXBuildFile; fileRef = 3722A5C521F6936200F5F353 /* PortableEarTrainerTests.swift */; };
		3722A5D121F6936200F5F353 /* PortableEarTrainerUITests.swift in Sources */ = {isa = PBXBuildFile; fileRef = 3722A5D021F6936200F5F353 /* PortableEarTrainerUITests.swift */; };
		373D8B9D2266DAFE00194973 /* PitchResponseAnalyzer.swift in Sources */ = {isa = PBXBuildFile; fileRef = 373D8B9C2266DAFE00194973 /* PitchResponseAnalyzer.swift */; };
		374B2577228A584400A8BB60 /* LessonCard.swift in Sources */ = {isa = PBXBuildFile; fileRef = 374B2576228A584400A8BB60 /* LessonCard.swift */; };
		374EA8822262EA1E00BC565B /* VoiceRecognitionTestViewController.swift in Sources */ = {isa = PBXBuildFile; fileRef = 374EA8812262EA1E00BC565B /* VoiceRecognitionTestViewController.swift */; };
		378B59B12293A59500478667 /* LessonSection.swift in Sources */ = {isa = PBXBuildFile; fileRef = 378B59B02293A59500478667 /* LessonSection.swift */; };
		37B0B1A82269897F0032AAC0 /* SpeechTestViewController.swift in Sources */ = {isa = PBXBuildFile; fileRef = 37B0B1A72269897F0032AAC0 /* SpeechTestViewController.swift */; };
		37B31213228A64A2003719D4 /* SingleOctaveKeyboard.swift in Sources */ = {isa = PBXBuildFile; fileRef = 37B31212228A64A2003719D4 /* SingleOctaveKeyboard.swift */; };
		37D265F72262D896003103C3 /* MicTestViewController.swift in Sources */ = {isa = PBXBuildFile; fileRef = 37D265F62262D896003103C3 /* MicTestViewController.swift */; };
		37D5750B225EE3C00042CC83 /* QuizViewController.swift in Sources */ = {isa = PBXBuildFile; fileRef = 37D5750A225EE3C00042CC83 /* QuizViewController.swift */; };
		37E4A563225C0FA500814DFF /* DebuggerViewController.swift in Sources */ = {isa = PBXBuildFile; fileRef = 3722A5B221F6935F00F5F353 /* DebuggerViewController.swift */; };
		37E4A5A0225C37B800814DFF /* Major145Player.swift in Sources */ = {isa = PBXBuildFile; fileRef = 37E4A59F225C37B800814DFF /* Major145Player.swift */; };
		37E4A5A2225C546000814DFF /* MajorScaleQuestion.swift in Sources */ = {isa = PBXBuildFile; fileRef = 37E4A5A1225C546000814DFF /* MajorScaleQuestion.swift */; };
		37E4A5A5225C54CE00814DFF /* MajorScale.swift in Sources */ = {isa = PBXBuildFile; fileRef = 37E4A5A4225C54CE00814DFF /* MajorScale.swift */; };
		37EC509D225D93E200863132 /* NoteName.swift in Sources */ = {isa = PBXBuildFile; fileRef = 37EC509C225D93E200863132 /* NoteName.swift */; };
		37EC509F225D96F400863132 /* NoteNameUtilTest.swift in Sources */ = {isa = PBXBuildFile; fileRef = 37EC509E225D96F400863132 /* NoteNameUtilTest.swift */; };
		4298794750FBC6ADAB394BF5 /* Pods_PortableEarTrainerUITests.framework in Frameworks */ = {isa = PBXBuildFile; fileRef = 148ECC6A567C5AAE0D7ABDB9 /* Pods_PortableEarTrainerUITests.framework */; };
		6D0CE8A73864B5A22475AAC5 /* Pods_PortableEarTrainerTests.framework in Frameworks */ = {isa = PBXBuildFile; fileRef = 486A07E78B9F5DF5531C2296 /* Pods_PortableEarTrainerTests.framework */; };
		8FB44E3D318B53366B6EC17A /* Pods_PortableEarTrainer.framework in Frameworks */ = {isa = PBXBuildFile; fileRef = 4FE5C3177D1F53461B371189 /* Pods_PortableEarTrainer.framework */; };
/* End PBXBuildFile section */

/* Begin PBXContainerItemProxy section */
		3722A5C221F6936200F5F353 /* PBXContainerItemProxy */ = {
			isa = PBXContainerItemProxy;
			containerPortal = 3722A5A521F6935F00F5F353 /* Project object */;
			proxyType = 1;
			remoteGlobalIDString = 3722A5AC21F6935F00F5F353;
			remoteInfo = PortableEarTrainer;
		};
		3722A5CD21F6936200F5F353 /* PBXContainerItemProxy */ = {
			isa = PBXContainerItemProxy;
			containerPortal = 3722A5A521F6935F00F5F353 /* Project object */;
			proxyType = 1;
			remoteGlobalIDString = 3722A5AC21F6935F00F5F353;
			remoteInfo = PortableEarTrainer;
		};
/* End PBXContainerItemProxy section */

/* Begin PBXFileReference section */
		148ECC6A567C5AAE0D7ABDB9 /* Pods_PortableEarTrainerUITests.framework */ = {isa = PBXFileReference; explicitFileType = wrapper.framework; includeInIndex = 0; path = Pods_PortableEarTrainerUITests.framework; sourceTree = BUILT_PRODUCTS_DIR; };
		370AE11E22657F9F00C3C361 /* Stats.swift */ = {isa = PBXFileReference; lastKnownFileType = sourcecode.swift; path = Stats.swift; sourceTree = "<group>"; };
		370AE12022657FDE00C3C361 /* StatsTest.swift */ = {isa = PBXFileReference; lastKnownFileType = sourcecode.swift; path = StatsTest.swift; sourceTree = "<group>"; };
		3721E3FE226223C700A8E47B /* MajorScaleQuiz.swift */ = {isa = PBXFileReference; lastKnownFileType = sourcecode.swift; path = MajorScaleQuiz.swift; sourceTree = "<group>"; };
		3722A5AD21F6935F00F5F353 /* PortableEarTrainer.app */ = {isa = PBXFileReference; explicitFileType = wrapper.application; includeInIndex = 0; path = PortableEarTrainer.app; sourceTree = BUILT_PRODUCTS_DIR; };
		3722A5B021F6935F00F5F353 /* AppDelegate.swift */ = {isa = PBXFileReference; lastKnownFileType = sourcecode.swift; path = AppDelegate.swift; sourceTree = "<group>"; };
		3722A5B221F6935F00F5F353 /* DebuggerViewController.swift */ = {isa = PBXFileReference; lastKnownFileType = sourcecode.swift; path = DebuggerViewController.swift; sourceTree = "<group>"; };
		3722A5B521F6935F00F5F353 /* Base */ = {isa = PBXFileReference; lastKnownFileType = file.storyboard; name = Base; path = Base.lproj/Main.storyboard; sourceTree = "<group>"; };
		3722A5B721F6936100F5F353 /* Assets.xcassets */ = {isa = PBXFileReference; lastKnownFileType = folder.assetcatalog; path = Assets.xcassets; sourceTree = "<group>"; };
		3722A5BA21F6936100F5F353 /* Base */ = {isa = PBXFileReference; lastKnownFileType = file.storyboard; name = Base; path = Base.lproj/LaunchScreen.storyboard; sourceTree = "<group>"; };
		3722A5BC21F6936100F5F353 /* Info.plist */ = {isa = PBXFileReference; lastKnownFileType = text.plist.xml; path = Info.plist; sourceTree = "<group>"; };
		3722A5C121F6936200F5F353 /* PortableEarTrainerTests.xctest */ = {isa = PBXFileReference; explicitFileType = wrapper.cfbundle; includeInIndex = 0; path = PortableEarTrainerTests.xctest; sourceTree = BUILT_PRODUCTS_DIR; };
		3722A5C521F6936200F5F353 /* PortableEarTrainerTests.swift */ = {isa = PBXFileReference; lastKnownFileType = sourcecode.swift; path = PortableEarTrainerTests.swift; sourceTree = "<group>"; };
		3722A5C721F6936200F5F353 /* Info.plist */ = {isa = PBXFileReference; lastKnownFileType = text.plist.xml; path = Info.plist; sourceTree = "<group>"; };
		3722A5CC21F6936200F5F353 /* PortableEarTrainerUITests.xctest */ = {isa = PBXFileReference; explicitFileType = wrapper.cfbundle; includeInIndex = 0; path = PortableEarTrainerUITests.xctest; sourceTree = BUILT_PRODUCTS_DIR; };
		3722A5D021F6936200F5F353 /* PortableEarTrainerUITests.swift */ = {isa = PBXFileReference; lastKnownFileType = sourcecode.swift; path = PortableEarTrainerUITests.swift; sourceTree = "<group>"; };
		3722A5D221F6936200F5F353 /* Info.plist */ = {isa = PBXFileReference; lastKnownFileType = text.plist.xml; path = Info.plist; sourceTree = "<group>"; };
		373D8B9C2266DAFE00194973 /* PitchResponseAnalyzer.swift */ = {isa = PBXFileReference; lastKnownFileType = sourcecode.swift; path = PitchResponseAnalyzer.swift; sourceTree = "<group>"; };
		374B2576228A584400A8BB60 /* LessonCard.swift */ = {isa = PBXFileReference; lastKnownFileType = sourcecode.swift; path = LessonCard.swift; sourceTree = "<group>"; };
		374EA8812262EA1E00BC565B /* VoiceRecognitionTestViewController.swift */ = {isa = PBXFileReference; lastKnownFileType = sourcecode.swift; path = VoiceRecognitionTestViewController.swift; sourceTree = "<group>"; };
		378B59B02293A59500478667 /* LessonSection.swift */ = {isa = PBXFileReference; lastKnownFileType = sourcecode.swift; path = LessonSection.swift; sourceTree = "<group>"; };
		37B0B1A72269897F0032AAC0 /* SpeechTestViewController.swift */ = {isa = PBXFileReference; lastKnownFileType = sourcecode.swift; path = SpeechTestViewController.swift; sourceTree = "<group>"; };
		37B31212228A64A2003719D4 /* SingleOctaveKeyboard.swift */ = {isa = PBXFileReference; lastKnownFileType = sourcecode.swift; path = SingleOctaveKeyboard.swift; sourceTree = "<group>"; };
		37D265F62262D896003103C3 /* MicTestViewController.swift */ = {isa = PBXFileReference; lastKnownFileType = sourcecode.swift; path = MicTestViewController.swift; sourceTree = "<group>"; };
		37D5750A225EE3C00042CC83 /* QuizViewController.swift */ = {isa = PBXFileReference; lastKnownFileType = sourcecode.swift; path = QuizViewController.swift; sourceTree = "<group>"; };
		37E4A59F225C37B800814DFF /* Major145Player.swift */ = {isa = PBXFileReference; lastKnownFileType = sourcecode.swift; path = Major145Player.swift; sourceTree = "<group>"; };
		37E4A5A1225C546000814DFF /* MajorScaleQuestion.swift */ = {isa = PBXFileReference; lastKnownFileType = sourcecode.swift; path = MajorScaleQuestion.swift; sourceTree = "<group>"; };
		37E4A5A4225C54CE00814DFF /* MajorScale.swift */ = {isa = PBXFileReference; lastKnownFileType = sourcecode.swift; path = MajorScale.swift; sourceTree = "<group>"; };
		37EC509C225D93E200863132 /* NoteName.swift */ = {isa = PBXFileReference; lastKnownFileType = sourcecode.swift; path = NoteName.swift; sourceTree = "<group>"; };
		37EC509E225D96F400863132 /* NoteNameUtilTest.swift */ = {isa = PBXFileReference; lastKnownFileType = sourcecode.swift; path = NoteNameUtilTest.swift; sourceTree = "<group>"; };
		486A07E78B9F5DF5531C2296 /* Pods_PortableEarTrainerTests.framework */ = {isa = PBXFileReference; explicitFileType = wrapper.framework; includeInIndex = 0; path = Pods_PortableEarTrainerTests.framework; sourceTree = BUILT_PRODUCTS_DIR; };
		49C697A36CC9012C6CD23028 /* Pods-PortableEarTrainerTests.release.xcconfig */ = {isa = PBXFileReference; includeInIndex = 1; lastKnownFileType = text.xcconfig; name = "Pods-PortableEarTrainerTests.release.xcconfig"; path = "Pods/Target Support Files/Pods-PortableEarTrainerTests/Pods-PortableEarTrainerTests.release.xcconfig"; sourceTree = "<group>"; };
		4FE5C3177D1F53461B371189 /* Pods_PortableEarTrainer.framework */ = {isa = PBXFileReference; explicitFileType = wrapper.framework; includeInIndex = 0; path = Pods_PortableEarTrainer.framework; sourceTree = BUILT_PRODUCTS_DIR; };
		5E4A2AD8B2511565C013480F /* Pods-PortableEarTrainer.debug.xcconfig */ = {isa = PBXFileReference; includeInIndex = 1; lastKnownFileType = text.xcconfig; name = "Pods-PortableEarTrainer.debug.xcconfig"; path = "Pods/Target Support Files/Pods-PortableEarTrainer/Pods-PortableEarTrainer.debug.xcconfig"; sourceTree = "<group>"; };
		87C9AB33D71DE5D3416D140B /* Pods-PortableEarTrainerTests.debug.xcconfig */ = {isa = PBXFileReference; includeInIndex = 1; lastKnownFileType = text.xcconfig; name = "Pods-PortableEarTrainerTests.debug.xcconfig"; path = "Pods/Target Support Files/Pods-PortableEarTrainerTests/Pods-PortableEarTrainerTests.debug.xcconfig"; sourceTree = "<group>"; };
		D109088C50F095E385A83BA4 /* Pods-PortableEarTrainer.release.xcconfig */ = {isa = PBXFileReference; includeInIndex = 1; lastKnownFileType = text.xcconfig; name = "Pods-PortableEarTrainer.release.xcconfig"; path = "Pods/Target Support Files/Pods-PortableEarTrainer/Pods-PortableEarTrainer.release.xcconfig"; sourceTree = "<group>"; };
		DD7A5E9586380C5253E815CA /* Pods-PortableEarTrainerUITests.debug.xcconfig */ = {isa = PBXFileReference; includeInIndex = 1; lastKnownFileType = text.xcconfig; name = "Pods-PortableEarTrainerUITests.debug.xcconfig"; path = "Pods/Target Support Files/Pods-PortableEarTrainerUITests/Pods-PortableEarTrainerUITests.debug.xcconfig"; sourceTree = "<group>"; };
		ED0D734DCE1E09A524E19325 /* Pods-PortableEarTrainerUITests.release.xcconfig */ = {isa = PBXFileReference; includeInIndex = 1; lastKnownFileType = text.xcconfig; name = "Pods-PortableEarTrainerUITests.release.xcconfig"; path = "Pods/Target Support Files/Pods-PortableEarTrainerUITests/Pods-PortableEarTrainerUITests.release.xcconfig"; sourceTree = "<group>"; };
/* End PBXFileReference section */

/* Begin PBXFrameworksBuildPhase section */
		3722A5AA21F6935F00F5F353 /* Frameworks */ = {
			isa = PBXFrameworksBuildPhase;
			buildActionMask = 2147483647;
			files = (
				8FB44E3D318B53366B6EC17A /* Pods_PortableEarTrainer.framework in Frameworks */,
			);
			runOnlyForDeploymentPostprocessing = 0;
		};
		3722A5BE21F6936200F5F353 /* Frameworks */ = {
			isa = PBXFrameworksBuildPhase;
			buildActionMask = 2147483647;
			files = (
				6D0CE8A73864B5A22475AAC5 /* Pods_PortableEarTrainerTests.framework in Frameworks */,
			);
			runOnlyForDeploymentPostprocessing = 0;
		};
		3722A5C921F6936200F5F353 /* Frameworks */ = {
			isa = PBXFrameworksBuildPhase;
			buildActionMask = 2147483647;
			files = (
				4298794750FBC6ADAB394BF5 /* Pods_PortableEarTrainerUITests.framework in Frameworks */,
			);
			runOnlyForDeploymentPostprocessing = 0;
		};
/* End PBXFrameworksBuildPhase section */

/* Begin PBXGroup section */
		3722A5A421F6935F00F5F353 = {
			isa = PBXGroup;
			children = (
				3722A5AF21F6935F00F5F353 /* PortableEarTrainer */,
				3722A5C421F6936200F5F353 /* PortableEarTrainerTests */,
				3722A5CF21F6936200F5F353 /* PortableEarTrainerUITests */,
				3722A5AE21F6935F00F5F353 /* Products */,
				9C7EBCE80F9D7501A591A0F4 /* Pods */,
				A004386C9488633001B486F4 /* Frameworks */,
			);
			sourceTree = "<group>";
		};
		3722A5AE21F6935F00F5F353 /* Products */ = {
			isa = PBXGroup;
			children = (
				3722A5AD21F6935F00F5F353 /* PortableEarTrainer.app */,
				3722A5C121F6936200F5F353 /* PortableEarTrainerTests.xctest */,
				3722A5CC21F6936200F5F353 /* PortableEarTrainerUITests.xctest */,
			);
			name = Products;
			sourceTree = "<group>";
		};
		3722A5AF21F6935F00F5F353 /* PortableEarTrainer */ = {
			isa = PBXGroup;
			children = (
				374B2575228A580D00A8BB60 /* UI */,
				37E4A5A3225C549700814DFF /* Util */,
				37E4A59E225C374A00814DFF /* Service */,
				3722A5B021F6935F00F5F353 /* AppDelegate.swift */,
				3722A5B221F6935F00F5F353 /* DebuggerViewController.swift */,
				374EA8812262EA1E00BC565B /* VoiceRecognitionTestViewController.swift */,
				3722A5B421F6935F00F5F353 /* Main.storyboard */,
				37B0B1A72269897F0032AAC0 /* SpeechTestViewController.swift */,
				37D265F62262D896003103C3 /* MicTestViewController.swift */,
				37D5750A225EE3C00042CC83 /* QuizViewController.swift */,
				3722A5B721F6936100F5F353 /* Assets.xcassets */,
				3722A5B921F6936100F5F353 /* LaunchScreen.storyboard */,
				3722A5BC21F6936100F5F353 /* Info.plist */,
			);
			path = PortableEarTrainer;
			sourceTree = "<group>";
		};
		3722A5C421F6936200F5F353 /* PortableEarTrainerTests */ = {
			isa = PBXGroup;
			children = (
				3722A5C521F6936200F5F353 /* PortableEarTrainerTests.swift */,
				3722A5C721F6936200F5F353 /* Info.plist */,
				37EC509E225D96F400863132 /* NoteNameUtilTest.swift */,
				370AE12022657FDE00C3C361 /* StatsTest.swift */,
			);
			path = PortableEarTrainerTests;
			sourceTree = "<group>";
		};
		3722A5CF21F6936200F5F353 /* PortableEarTrainerUITests */ = {
			isa = PBXGroup;
			children = (
				3722A5D021F6936200F5F353 /* PortableEarTrainerUITests.swift */,
				3722A5D221F6936200F5F353 /* Info.plist */,
			);
			path = PortableEarTrainerUITests;
			sourceTree = "<group>";
		};
		374B2575228A580D00A8BB60 /* UI */ = {
			isa = PBXGroup;
			children = (
				374B2576228A584400A8BB60 /* LessonCard.swift */,
				37B31212228A64A2003719D4 /* SingleOctaveKeyboard.swift */,
				378B59B02293A59500478667 /* LessonSection.swift */,
			);
			path = UI;
			sourceTree = "<group>";
		};
		37E4A59E225C374A00814DFF /* Service */ = {
			isa = PBXGroup;
			children = (
				373D8B9C2266DAFE00194973 /* PitchResponseAnalyzer.swift */,
				37E4A59F225C37B800814DFF /* Major145Player.swift */,
				37E4A5A1225C546000814DFF /* MajorScaleQuestion.swift */,
				3721E3FE226223C700A8E47B /* MajorScaleQuiz.swift */,
			);
			path = Service;
			sourceTree = "<group>";
		};
		37E4A5A3225C549700814DFF /* Util */ = {
			isa = PBXGroup;
			children = (
				37E4A5A4225C54CE00814DFF /* MajorScale.swift */,
				37EC509C225D93E200863132 /* NoteName.swift */,
				370AE11E22657F9F00C3C361 /* Stats.swift */,
			);
			path = Util;
			sourceTree = "<group>";
		};
		9C7EBCE80F9D7501A591A0F4 /* Pods */ = {
			isa = PBXGroup;
			children = (
				5E4A2AD8B2511565C013480F /* Pods-PortableEarTrainer.debug.xcconfig */,
				D109088C50F095E385A83BA4 /* Pods-PortableEarTrainer.release.xcconfig */,
				87C9AB33D71DE5D3416D140B /* Pods-PortableEarTrainerTests.debug.xcconfig */,
				49C697A36CC9012C6CD23028 /* Pods-PortableEarTrainerTests.release.xcconfig */,
				DD7A5E9586380C5253E815CA /* Pods-PortableEarTrainerUITests.debug.xcconfig */,
				ED0D734DCE1E09A524E19325 /* Pods-PortableEarTrainerUITests.release.xcconfig */,
			);
			name = Pods;
			sourceTree = "<group>";
		};
		A004386C9488633001B486F4 /* Frameworks */ = {
			isa = PBXGroup;
			children = (
				4FE5C3177D1F53461B371189 /* Pods_PortableEarTrainer.framework */,
				486A07E78B9F5DF5531C2296 /* Pods_PortableEarTrainerTests.framework */,
				148ECC6A567C5AAE0D7ABDB9 /* Pods_PortableEarTrainerUITests.framework */,
			);
			name = Frameworks;
			sourceTree = "<group>";
		};
/* End PBXGroup section */

/* Begin PBXNativeTarget section */
		3722A5AC21F6935F00F5F353 /* PortableEarTrainer */ = {
			isa = PBXNativeTarget;
			buildConfigurationList = 3722A5D521F6936200F5F353 /* Build configuration list for PBXNativeTarget "PortableEarTrainer" */;
			buildPhases = (
				5F19C0CC4D1D37B45463B6BF /* [CP] Check Pods Manifest.lock */,
				3722A5A921F6935F00F5F353 /* Sources */,
				3722A5AA21F6935F00F5F353 /* Frameworks */,
				3722A5AB21F6935F00F5F353 /* Resources */,
				374A5005228BC2D600B08D3A /* ShellScript */,
			);
			buildRules = (
			);
			dependencies = (
			);
			name = PortableEarTrainer;
			productName = PortableEarTrainer;
			productReference = 3722A5AD21F6935F00F5F353 /* PortableEarTrainer.app */;
			productType = "com.apple.product-type.application";
		};
		3722A5C021F6936200F5F353 /* PortableEarTrainerTests */ = {
			isa = PBXNativeTarget;
			buildConfigurationList = 3722A5D821F6936200F5F353 /* Build configuration list for PBXNativeTarget "PortableEarTrainerTests" */;
			buildPhases = (
				09971B6B32A16E2DD3259735 /* [CP] Check Pods Manifest.lock */,
				3722A5BD21F6936200F5F353 /* Sources */,
				3722A5BE21F6936200F5F353 /* Frameworks */,
				3722A5BF21F6936200F5F353 /* Resources */,
			);
			buildRules = (
			);
			dependencies = (
				3722A5C321F6936200F5F353 /* PBXTargetDependency */,
			);
			name = PortableEarTrainerTests;
			productName = PortableEarTrainerTests;
			productReference = 3722A5C121F6936200F5F353 /* PortableEarTrainerTests.xctest */;
			productType = "com.apple.product-type.bundle.unit-test";
		};
		3722A5CB21F6936200F5F353 /* PortableEarTrainerUITests */ = {
			isa = PBXNativeTarget;
			buildConfigurationList = 3722A5DB21F6936200F5F353 /* Build configuration list for PBXNativeTarget "PortableEarTrainerUITests" */;
			buildPhases = (
				48801403B0E19A5B1C928B5B /* [CP] Check Pods Manifest.lock */,
				3722A5C821F6936200F5F353 /* Sources */,
				3722A5C921F6936200F5F353 /* Frameworks */,
				3722A5CA21F6936200F5F353 /* Resources */,
			);
			buildRules = (
			);
			dependencies = (
				3722A5CE21F6936200F5F353 /* PBXTargetDependency */,
			);
			name = PortableEarTrainerUITests;
			productName = PortableEarTrainerUITests;
			productReference = 3722A5CC21F6936200F5F353 /* PortableEarTrainerUITests.xctest */;
			productType = "com.apple.product-type.bundle.ui-testing";
		};
/* End PBXNativeTarget section */

/* Begin PBXProject section */
		3722A5A521F6935F00F5F353 /* Project object */ = {
			isa = PBXProject;
			attributes = {
				LastSwiftUpdateCheck = 1010;
				LastUpgradeCheck = 1010;
				ORGANIZATIONNAME = "Daniel Collins";
				TargetAttributes = {
					3722A5AC21F6935F00F5F353 = {
						CreatedOnToolsVersion = 10.1;
						LastSwiftMigration = 1020;
					};
					3722A5C021F6936200F5F353 = {
						CreatedOnToolsVersion = 10.1;
						LastSwiftMigration = 1020;
						TestTargetID = 3722A5AC21F6935F00F5F353;
					};
					3722A5CB21F6936200F5F353 = {
						CreatedOnToolsVersion = 10.1;
						LastSwiftMigration = 1020;
						TestTargetID = 3722A5AC21F6935F00F5F353;
					};
				};
			};
			buildConfigurationList = 3722A5A821F6935F00F5F353 /* Build configuration list for PBXProject "PortableEarTrainer" */;
			compatibilityVersion = "Xcode 9.3";
			developmentRegion = en;
			hasScannedForEncodings = 0;
			knownRegions = (
				en,
				Base,
			);
			mainGroup = 3722A5A421F6935F00F5F353;
			productRefGroup = 3722A5AE21F6935F00F5F353 /* Products */;
			projectDirPath = "";
			projectRoot = "";
			targets = (
				3722A5AC21F6935F00F5F353 /* PortableEarTrainer */,
				3722A5C021F6936200F5F353 /* PortableEarTrainerTests */,
				3722A5CB21F6936200F5F353 /* PortableEarTrainerUITests */,
			);
		};
/* End PBXProject section */

/* Begin PBXResourcesBuildPhase section */
		3722A5AB21F6935F00F5F353 /* Resources */ = {
			isa = PBXResourcesBuildPhase;
			buildActionMask = 2147483647;
			files = (
				3722A5BB21F6936100F5F353 /* LaunchScreen.storyboard in Resources */,
				3722A5B821F6936100F5F353 /* Assets.xcassets in Resources */,
				3722A5B621F6935F00F5F353 /* Main.storyboard in Resources */,
			);
			runOnlyForDeploymentPostprocessing = 0;
		};
		3722A5BF21F6936200F5F353 /* Resources */ = {
			isa = PBXResourcesBuildPhase;
			buildActionMask = 2147483647;
			files = (
			);
			runOnlyForDeploymentPostprocessing = 0;
		};
		3722A5CA21F6936200F5F353 /* Resources */ = {
			isa = PBXResourcesBuildPhase;
			buildActionMask = 2147483647;
			files = (
			);
			runOnlyForDeploymentPostprocessing = 0;
		};
/* End PBXResourcesBuildPhase section */

/* Begin PBXShellScriptBuildPhase section */
		09971B6B32A16E2DD3259735 /* [CP] Check Pods Manifest.lock */ = {
			isa = PBXShellScriptBuildPhase;
			buildActionMask = 2147483647;
			files = (
			);
			inputFileListPaths = (
			);
			inputPaths = (
				"${PODS_PODFILE_DIR_PATH}/Podfile.lock",
				"${PODS_ROOT}/Manifest.lock",
			);
			name = "[CP] Check Pods Manifest.lock";
			outputFileListPaths = (
			);
			outputPaths = (
				"$(DERIVED_FILE_DIR)/Pods-PortableEarTrainerTests-checkManifestLockResult.txt",
			);
			runOnlyForDeploymentPostprocessing = 0;
			shellPath = /bin/sh;
			shellScript = "diff \"${PODS_PODFILE_DIR_PATH}/Podfile.lock\" \"${PODS_ROOT}/Manifest.lock\" > /dev/null\nif [ $? != 0 ] ; then\n    # print error to STDERR\n    echo \"error: The sandbox is not in sync with the Podfile.lock. Run 'pod install' or update your CocoaPods installation.\" >&2\n    exit 1\nfi\n# This output is used by Xcode 'outputs' to avoid re-running this script phase.\necho \"SUCCESS\" > \"${SCRIPT_OUTPUT_FILE_0}\"\n";
			showEnvVarsInLog = 0;
		};
		374A5005228BC2D600B08D3A /* ShellScript */ = {
			isa = PBXShellScriptBuildPhase;
			buildActionMask = 2147483647;
			files = (
			);
			inputFileListPaths = (
			);
			inputPaths = (
			);
			outputFileListPaths = (
			);
			outputPaths = (
			);
			runOnlyForDeploymentPostprocessing = 0;
			shellPath = /bin/sh;
			shellScript = "# Type a script or drag a script file from your workspace to insert its path.\nif which swiftlint >/dev/null; then\nswiftlint\nelse\necho \"warning: SwiftLint not installed, download from https://github.com/realm/SwiftLint\"\nfi\n";
		};
		48801403B0E19A5B1C928B5B /* [CP] Check Pods Manifest.lock */ = {
			isa = PBXShellScriptBuildPhase;
			buildActionMask = 2147483647;
			files = (
			);
			inputFileListPaths = (
			);
			inputPaths = (
				"${PODS_PODFILE_DIR_PATH}/Podfile.lock",
				"${PODS_ROOT}/Manifest.lock",
			);
			name = "[CP] Check Pods Manifest.lock";
			outputFileListPaths = (
			);
			outputPaths = (
				"$(DERIVED_FILE_DIR)/Pods-PortableEarTrainerUITests-checkManifestLockResult.txt",
			);
			runOnlyForDeploymentPostprocessing = 0;
			shellPath = /bin/sh;
			shellScript = "diff \"${PODS_PODFILE_DIR_PATH}/Podfile.lock\" \"${PODS_ROOT}/Manifest.lock\" > /dev/null\nif [ $? != 0 ] ; then\n    # print error to STDERR\n    echo \"error: The sandbox is not in sync with the Podfile.lock. Run 'pod install' or update your CocoaPods installation.\" >&2\n    exit 1\nfi\n# This output is used by Xcode 'outputs' to avoid re-running this script phase.\necho \"SUCCESS\" > \"${SCRIPT_OUTPUT_FILE_0}\"\n";
			showEnvVarsInLog = 0;
		};
		5F19C0CC4D1D37B45463B6BF /* [CP] Check Pods Manifest.lock */ = {
			isa = PBXShellScriptBuildPhase;
			buildActionMask = 2147483647;
			files = (
			);
			inputFileListPaths = (
			);
			inputPaths = (
				"${PODS_PODFILE_DIR_PATH}/Podfile.lock",
				"${PODS_ROOT}/Manifest.lock",
			);
			name = "[CP] Check Pods Manifest.lock";
			outputFileListPaths = (
			);
			outputPaths = (
				"$(DERIVED_FILE_DIR)/Pods-PortableEarTrainer-checkManifestLockResult.txt",
			);
			runOnlyForDeploymentPostprocessing = 0;
			shellPath = /bin/sh;
			shellScript = "diff \"${PODS_PODFILE_DIR_PATH}/Podfile.lock\" \"${PODS_ROOT}/Manifest.lock\" > /dev/null\nif [ $? != 0 ] ; then\n    # print error to STDERR\n    echo \"error: The sandbox is not in sync with the Podfile.lock. Run 'pod install' or update your CocoaPods installation.\" >&2\n    exit 1\nfi\n# This output is used by Xcode 'outputs' to avoid re-running this script phase.\necho \"SUCCESS\" > \"${SCRIPT_OUTPUT_FILE_0}\"\n";
			showEnvVarsInLog = 0;
		};
/* End PBXShellScriptBuildPhase section */

/* Begin PBXSourcesBuildPhase section */
		3722A5A921F6935F00F5F353 /* Sources */ = {
			isa = PBXSourcesBuildPhase;
			buildActionMask = 2147483647;
			files = (
				37EC509D225D93E200863132 /* NoteName.swift in Sources */,
				374B2577228A584400A8BB60 /* LessonCard.swift in Sources */,
				370AE11F22657F9F00C3C361 /* Stats.swift in Sources */,
				3721E3FF226223C700A8E47B /* MajorScaleQuiz.swift in Sources */,
				37B31213228A64A2003719D4 /* SingleOctaveKeyboard.swift in Sources */,
				373D8B9D2266DAFE00194973 /* PitchResponseAnalyzer.swift in Sources */,
				37B0B1A82269897F0032AAC0 /* SpeechTestViewController.swift in Sources */,
				378B59B12293A59500478667 /* LessonSection.swift in Sources */,
				37D265F72262D896003103C3 /* MicTestViewController.swift in Sources */,
				37D5750B225EE3C00042CC83 /* QuizViewController.swift in Sources */,
				37E4A5A2225C546000814DFF /* MajorScaleQuestion.swift in Sources */,
				37E4A5A5225C54CE00814DFF /* MajorScale.swift in Sources */,
				37E4A5A0225C37B800814DFF /* Major145Player.swift in Sources */,
				37E4A563225C0FA500814DFF /* DebuggerViewController.swift in Sources */,
				3722A5B121F6935F00F5F353 /* AppDelegate.swift in Sources */,
				374EA8822262EA1E00BC565B /* VoiceRecognitionTestViewController.swift in Sources */,
			);
			runOnlyForDeploymentPostprocessing = 0;
		};
		3722A5BD21F6936200F5F353 /* Sources */ = {
			isa = PBXSourcesBuildPhase;
			buildActionMask = 2147483647;
			files = (
				37EC509F225D96F400863132 /* NoteNameUtilTest.swift in Sources */,
				3722A5C621F6936200F5F353 /* PortableEarTrainerTests.swift in Sources */,
				370AE12122657FDE00C3C361 /* StatsTest.swift in Sources */,
			);
			runOnlyForDeploymentPostprocessing = 0;
		};
		3722A5C821F6936200F5F353 /* Sources */ = {
			isa = PBXSourcesBuildPhase;
			buildActionMask = 2147483647;
			files = (
				3722A5D121F6936200F5F353 /* PortableEarTrainerUITests.swift in Sources */,
			);
			runOnlyForDeploymentPostprocessing = 0;
		};
/* End PBXSourcesBuildPhase section */

/* Begin PBXTargetDependency section */
		3722A5C321F6936200F5F353 /* PBXTargetDependency */ = {
			isa = PBXTargetDependency;
			target = 3722A5AC21F6935F00F5F353 /* PortableEarTrainer */;
			targetProxy = 3722A5C221F6936200F5F353 /* PBXContainerItemProxy */;
		};
		3722A5CE21F6936200F5F353 /* PBXTargetDependency */ = {
			isa = PBXTargetDependency;
			target = 3722A5AC21F6935F00F5F353 /* PortableEarTrainer */;
			targetProxy = 3722A5CD21F6936200F5F353 /* PBXContainerItemProxy */;
		};
/* End PBXTargetDependency section */

/* Begin PBXVariantGroup section */
		3722A5B421F6935F00F5F353 /* Main.storyboard */ = {
			isa = PBXVariantGroup;
			children = (
				3722A5B521F6935F00F5F353 /* Base */,
			);
			name = Main.storyboard;
			sourceTree = "<group>";
		};
		3722A5B921F6936100F5F353 /* LaunchScreen.storyboard */ = {
			isa = PBXVariantGroup;
			children = (
				3722A5BA21F6936100F5F353 /* Base */,
			);
			name = LaunchScreen.storyboard;
			sourceTree = "<group>";
		};
/* End PBXVariantGroup section */

/* Begin XCBuildConfiguration section */
		3722A5D321F6936200F5F353 /* Debug */ = {
			isa = XCBuildConfiguration;
			buildSettings = {
				ALWAYS_EMBED_SWIFT_STANDARD_LIBRARIES = YES;
				ALWAYS_SEARCH_USER_PATHS = NO;
				CLANG_ANALYZER_NONNULL = YES;
				CLANG_ANALYZER_NUMBER_OBJECT_CONVERSION = YES_AGGRESSIVE;
				CLANG_CXX_LANGUAGE_STANDARD = "gnu++14";
				CLANG_CXX_LIBRARY = "libc++";
				CLANG_ENABLE_MODULES = YES;
				CLANG_ENABLE_OBJC_ARC = YES;
				CLANG_ENABLE_OBJC_WEAK = YES;
				CLANG_WARN_BLOCK_CAPTURE_AUTORELEASING = YES;
				CLANG_WARN_BOOL_CONVERSION = YES;
				CLANG_WARN_COMMA = YES;
				CLANG_WARN_CONSTANT_CONVERSION = YES;
				CLANG_WARN_DEPRECATED_OBJC_IMPLEMENTATIONS = YES;
				CLANG_WARN_DIRECT_OBJC_ISA_USAGE = YES_ERROR;
				CLANG_WARN_DOCUMENTATION_COMMENTS = YES;
				CLANG_WARN_EMPTY_BODY = YES;
				CLANG_WARN_ENUM_CONVERSION = YES;
				CLANG_WARN_INFINITE_RECURSION = YES;
				CLANG_WARN_INT_CONVERSION = YES;
				CLANG_WARN_NON_LITERAL_NULL_CONVERSION = YES;
				CLANG_WARN_OBJC_IMPLICIT_RETAIN_SELF = YES;
				CLANG_WARN_OBJC_LITERAL_CONVERSION = YES;
				CLANG_WARN_OBJC_ROOT_CLASS = YES_ERROR;
				CLANG_WARN_RANGE_LOOP_ANALYSIS = YES;
				CLANG_WARN_STRICT_PROTOTYPES = YES;
				CLANG_WARN_SUSPICIOUS_MOVE = YES;
				CLANG_WARN_UNGUARDED_AVAILABILITY = YES_AGGRESSIVE;
				CLANG_WARN_UNREACHABLE_CODE = YES;
				CLANG_WARN__DUPLICATE_METHOD_MATCH = YES;
				CODE_SIGN_IDENTITY = "iPhone Developer";
				COPY_PHASE_STRIP = NO;
				DEBUG_INFORMATION_FORMAT = dwarf;
				ENABLE_STRICT_OBJC_MSGSEND = YES;
				ENABLE_TESTABILITY = YES;
				GCC_C_LANGUAGE_STANDARD = gnu11;
				GCC_DYNAMIC_NO_PIC = NO;
				GCC_NO_COMMON_BLOCKS = YES;
				GCC_OPTIMIZATION_LEVEL = 0;
				GCC_PREPROCESSOR_DEFINITIONS = (
					"DEBUG=1",
					"$(inherited)",
				);
				GCC_WARN_64_TO_32_BIT_CONVERSION = YES;
				GCC_WARN_ABOUT_RETURN_TYPE = YES_ERROR;
				GCC_WARN_UNDECLARED_SELECTOR = YES;
				GCC_WARN_UNINITIALIZED_AUTOS = YES_AGGRESSIVE;
				GCC_WARN_UNUSED_FUNCTION = YES;
				GCC_WARN_UNUSED_VARIABLE = YES;
				IPHONEOS_DEPLOYMENT_TARGET = 12.1;
				MTL_ENABLE_DEBUG_INFO = INCLUDE_SOURCE;
				MTL_FAST_MATH = YES;
				ONLY_ACTIVE_ARCH = YES;
				SDKROOT = iphoneos;
				SWIFT_ACTIVE_COMPILATION_CONDITIONS = DEBUG;
				SWIFT_OPTIMIZATION_LEVEL = "-Onone";
			};
			name = Debug;
		};
		3722A5D421F6936200F5F353 /* Release */ = {
			isa = XCBuildConfiguration;
			buildSettings = {
				ALWAYS_EMBED_SWIFT_STANDARD_LIBRARIES = YES;
				ALWAYS_SEARCH_USER_PATHS = NO;
				CLANG_ANALYZER_NONNULL = YES;
				CLANG_ANALYZER_NUMBER_OBJECT_CONVERSION = YES_AGGRESSIVE;
				CLANG_CXX_LANGUAGE_STANDARD = "gnu++14";
				CLANG_CXX_LIBRARY = "libc++";
				CLANG_ENABLE_MODULES = YES;
				CLANG_ENABLE_OBJC_ARC = YES;
				CLANG_ENABLE_OBJC_WEAK = YES;
				CLANG_WARN_BLOCK_CAPTURE_AUTORELEASING = YES;
				CLANG_WARN_BOOL_CONVERSION = YES;
				CLANG_WARN_COMMA = YES;
				CLANG_WARN_CONSTANT_CONVERSION = YES;
				CLANG_WARN_DEPRECATED_OBJC_IMPLEMENTATIONS = YES;
				CLANG_WARN_DIRECT_OBJC_ISA_USAGE = YES_ERROR;
				CLANG_WARN_DOCUMENTATION_COMMENTS = YES;
				CLANG_WARN_EMPTY_BODY = YES;
				CLANG_WARN_ENUM_CONVERSION = YES;
				CLANG_WARN_INFINITE_RECURSION = YES;
				CLANG_WARN_INT_CONVERSION = YES;
				CLANG_WARN_NON_LITERAL_NULL_CONVERSION = YES;
				CLANG_WARN_OBJC_IMPLICIT_RETAIN_SELF = YES;
				CLANG_WARN_OBJC_LITERAL_CONVERSION = YES;
				CLANG_WARN_OBJC_ROOT_CLASS = YES_ERROR;
				CLANG_WARN_RANGE_LOOP_ANALYSIS = YES;
				CLANG_WARN_STRICT_PROTOTYPES = YES;
				CLANG_WARN_SUSPICIOUS_MOVE = YES;
				CLANG_WARN_UNGUARDED_AVAILABILITY = YES_AGGRESSIVE;
				CLANG_WARN_UNREACHABLE_CODE = YES;
				CLANG_WARN__DUPLICATE_METHOD_MATCH = YES;
				CODE_SIGN_IDENTITY = "iPhone Developer";
				COPY_PHASE_STRIP = NO;
				DEBUG_INFORMATION_FORMAT = "dwarf-with-dsym";
				ENABLE_NS_ASSERTIONS = NO;
				ENABLE_STRICT_OBJC_MSGSEND = YES;
				GCC_C_LANGUAGE_STANDARD = gnu11;
				GCC_NO_COMMON_BLOCKS = YES;
				GCC_WARN_64_TO_32_BIT_CONVERSION = YES;
				GCC_WARN_ABOUT_RETURN_TYPE = YES_ERROR;
				GCC_WARN_UNDECLARED_SELECTOR = YES;
				GCC_WARN_UNINITIALIZED_AUTOS = YES_AGGRESSIVE;
				GCC_WARN_UNUSED_FUNCTION = YES;
				GCC_WARN_UNUSED_VARIABLE = YES;
				IPHONEOS_DEPLOYMENT_TARGET = 12.1;
				MTL_ENABLE_DEBUG_INFO = NO;
				MTL_FAST_MATH = YES;
				SDKROOT = iphoneos;
				SWIFT_COMPILATION_MODE = wholemodule;
				SWIFT_OPTIMIZATION_LEVEL = "-O";
				VALIDATE_PRODUCT = YES;
			};
			name = Release;
		};
		3722A5D621F6936200F5F353 /* Debug */ = {
			isa = XCBuildConfiguration;
			baseConfigurationReference = 5E4A2AD8B2511565C013480F /* Pods-PortableEarTrainer.debug.xcconfig */;
			buildSettings = {
				ASSETCATALOG_COMPILER_APPICON_NAME = AppIcon;
				CODE_SIGN_STYLE = Automatic;
				DEVELOPMENT_TEAM = ZTE636HF2Z;
				INFOPLIST_FILE = PortableEarTrainer/Info.plist;
				LD_RUNPATH_SEARCH_PATHS = (
					"$(inherited)",
					"@executable_path/Frameworks",
				);
				PRODUCT_BUNDLE_IDENTIFIER = com.danimaldan.PortableEarTrainer;
				PRODUCT_NAME = "$(TARGET_NAME)";
				SWIFT_VERSION = 5.0;
				TARGETED_DEVICE_FAMILY = "1,2";
			};
			name = Debug;
		};
		3722A5D721F6936200F5F353 /* Release */ = {
			isa = XCBuildConfiguration;
			baseConfigurationReference = D109088C50F095E385A83BA4 /* Pods-PortableEarTrainer.release.xcconfig */;
			buildSettings = {
				ASSETCATALOG_COMPILER_APPICON_NAME = AppIcon;
				CODE_SIGN_STYLE = Automatic;
				DEVELOPMENT_TEAM = ZTE636HF2Z;
				INFOPLIST_FILE = PortableEarTrainer/Info.plist;
				LD_RUNPATH_SEARCH_PATHS = (
					"$(inherited)",
					"@executable_path/Frameworks",
				);
				PRODUCT_BUNDLE_IDENTIFIER = com.danimaldan.PortableEarTrainer;
				PRODUCT_NAME = "$(TARGET_NAME)";
				SWIFT_VERSION = 5.0;
				TARGETED_DEVICE_FAMILY = "1,2";
			};
			name = Release;
		};
		3722A5D921F6936200F5F353 /* Debug */ = {
			isa = XCBuildConfiguration;
			baseConfigurationReference = 87C9AB33D71DE5D3416D140B /* Pods-PortableEarTrainerTests.debug.xcconfig */;
			buildSettings = {
				BUNDLE_LOADER = "$(TEST_HOST)";
				CODE_SIGN_STYLE = Automatic;
				INFOPLIST_FILE = PortableEarTrainerTests/Info.plist;
				LD_RUNPATH_SEARCH_PATHS = (
					"$(inherited)",
					"@executable_path/Frameworks",
					"@loader_path/Frameworks",
				);
				PRODUCT_BUNDLE_IDENTIFIER = com.danimaldan.PortableEarTrainerTests;
				PRODUCT_NAME = "$(TARGET_NAME)";
				SWIFT_VERSION = 5.0;
				TARGETED_DEVICE_FAMILY = "1,2";
				TEST_HOST = "$(BUILT_PRODUCTS_DIR)/PortableEarTrainer.app/PortableEarTrainer";
			};
			name = Debug;
		};
		3722A5DA21F6936200F5F353 /* Release */ = {
			isa = XCBuildConfiguration;
			baseConfigurationReference = 49C697A36CC9012C6CD23028 /* Pods-PortableEarTrainerTests.release.xcconfig */;
			buildSettings = {
				BUNDLE_LOADER = "$(TEST_HOST)";
				CODE_SIGN_STYLE = Automatic;
				INFOPLIST_FILE = PortableEarTrainerTests/Info.plist;
				LD_RUNPATH_SEARCH_PATHS = (
					"$(inherited)",
					"@executable_path/Frameworks",
					"@loader_path/Frameworks",
				);
				PRODUCT_BUNDLE_IDENTIFIER = com.danimaldan.PortableEarTrainerTests;
				PRODUCT_NAME = "$(TARGET_NAME)";
				SWIFT_VERSION = 5.0;
				TARGETED_DEVICE_FAMILY = "1,2";
				TEST_HOST = "$(BUILT_PRODUCTS_DIR)/PortableEarTrainer.app/PortableEarTrainer";
			};
			name = Release;
		};
		3722A5DC21F6936200F5F353 /* Debug */ = {
			isa = XCBuildConfiguration;
			baseConfigurationReference = DD7A5E9586380C5253E815CA /* Pods-PortableEarTrainerUITests.debug.xcconfig */;
			buildSettings = {
				CODE_SIGN_STYLE = Automatic;
				INFOPLIST_FILE = PortableEarTrainerUITests/Info.plist;
				LD_RUNPATH_SEARCH_PATHS = (
					"$(inherited)",
					"@executable_path/Frameworks",
					"@loader_path/Frameworks",
				);
				PRODUCT_BUNDLE_IDENTIFIER = com.danimaldan.PortableEarTrainerUITests;
				PRODUCT_NAME = "$(TARGET_NAME)";
				SWIFT_VERSION = 5.0;
				TARGETED_DEVICE_FAMILY = "1,2";
				TEST_TARGET_NAME = PortableEarTrainer;
			};
			name = Debug;
		};
		3722A5DD21F6936200F5F353 /* Release */ = {
			isa = XCBuildConfiguration;
			baseConfigurationReference = ED0D734DCE1E09A524E19325 /* Pods-PortableEarTrainerUITests.release.xcconfig */;
			buildSettings = {
				CODE_SIGN_STYLE = Automatic;
				INFOPLIST_FILE = PortableEarTrainerUITests/Info.plist;
				LD_RUNPATH_SEARCH_PATHS = (
					"$(inherited)",
					"@executable_path/Frameworks",
					"@loader_path/Frameworks",
				);
				PRODUCT_BUNDLE_IDENTIFIER = com.danimaldan.PortableEarTrainerUITests;
				PRODUCT_NAME = "$(TARGET_NAME)";
				SWIFT_VERSION = 5.0;
				TARGETED_DEVICE_FAMILY = "1,2";
				TEST_TARGET_NAME = PortableEarTrainer;
			};
			name = Release;
		};
/* End XCBuildConfiguration section */

/* Begin XCConfigurationList section */
		3722A5A821F6935F00F5F353 /* Build configuration list for PBXProject "PortableEarTrainer" */ = {
			isa = XCConfigurationList;
			buildConfigurations = (
				3722A5D321F6936200F5F353 /* Debug */,
				3722A5D421F6936200F5F353 /* Release */,
			);
			defaultConfigurationIsVisible = 0;
			defaultConfigurationName = Release;
		};
		3722A5D521F6936200F5F353 /* Build configuration list for PBXNativeTarget "PortableEarTrainer" */ = {
			isa = XCConfigurationList;
			buildConfigurations = (
				3722A5D621F6936200F5F353 /* Debug */,
				3722A5D721F6936200F5F353 /* Release */,
			);
			defaultConfigurationIsVisible = 0;
			defaultConfigurationName = Release;
		};
		3722A5D821F6936200F5F353 /* Build configuration list for PBXNativeTarget "PortableEarTrainerTests" */ = {
			isa = XCConfigurationList;
			buildConfigurations = (
				3722A5D921F6936200F5F353 /* Debug */,
				3722A5DA21F6936200F5F353 /* Release */,
			);
			defaultConfigurationIsVisible = 0;
			defaultConfigurationName = Release;
		};
		3722A5DB21F6936200F5F353 /* Build configuration list for PBXNativeTarget "PortableEarTrainerUITests" */ = {
			isa = XCConfigurationList;
			buildConfigurations = (
				3722A5DC21F6936200F5F353 /* Debug */,
				3722A5DD21F6936200F5F353 /* Release */,
			);
			defaultConfigurationIsVisible = 0;
			defaultConfigurationName = Release;
		};
/* End XCConfigurationList section */
	};
	rootObject = 3722A5A521F6935F00F5F353 /* Project object */;
}
